Microsoft Visual Studio Solution File, Format Version 8.00
Project("{FAE04EC0-301F-11D3-BF4B-00C04F79EFBC}") = "WordClass", "WordClass\WordClass.csproj", "{E95FBCFC-F8F2-455A-B8F8-BAF70FB86B64}"
	ProjectSection(ProjectDependencies) = postProject
	EndProjectSection
EndProject
Global
	GlobalSection(SolutionConfiguration) = preSolution
		Debug = Debug
		Release = Release
	EndGlobalSection
	GlobalSection(ProjectConfiguration) = postSolution
		{E95FBCFC-F8F2-455A-B8F8-BAF70FB86B64}.Debug.ActiveCfg = Debug|.NET
		{E95FBCFC-F8F2-455A-B8F8-BAF70FB86B64}.Debug.Build.0 = Debug|.NET
		{E95FBCFC-F8F2-455A-B8F8-BAF70FB86B64}.Release.ActiveCfg = Release|.NET
		{E95FBCFC-F8F2-455A-B8F8-BAF70FB86B64}.Release.Build.0 = Release|.NET
	EndGlobalSection
	GlobalSection(ExtensibilityGlobals) = postSolution
	EndGlobalSection
	GlobalSection(ExtensibilityAddIns) = postSolution
	EndGlobalSection
EndGlobal
